// !$*UTF8*$!
{
	archiveVersion = 1;
	classes = {
	};
	objectVersion = 50;
	objects = {

/* Begin PBXBuildFile section */
		7D1847E72747DE510027823F /* Propsable.swift in Sources */ = {isa = PBXBuildFile; fileRef = 7D1847E62747DE500027823F /* Propsable.swift */; };
		7D7894AF29A506F000DD20CE /* ViewStore.swift in Sources */ = {isa = PBXBuildFile; fileRef = 7D7894AE29A506F000DD20CE /* ViewStore.swift */; };
		7D8020FA27266F6C0088B46D /* ActionListenerConnector.swift in Sources */ = {isa = PBXBuildFile; fileRef = 7D8020F927266F6C0088B46D /* ActionListenerConnector.swift */; };
		7D8020FC27266FDF0088B46D /* ClosureActionListenerConnector.swift in Sources */ = {isa = PBXBuildFile; fileRef = 7D8020FB27266FDF0088B46D /* ClosureActionListenerConnector.swift */; };
		7D8020FE2726700E0088B46D /* ServiceActionListener.swift in Sources */ = {isa = PBXBuildFile; fileRef = 7D8020FD2726700E0088B46D /* ServiceActionListener.swift */; };
		7D802100272670370088B46D /* ViewActionListener.swift in Sources */ = {isa = PBXBuildFile; fileRef = 7D8020FF272670370088B46D /* ViewActionListener.swift */; };
		7D802102272682420088B46D /* ClosureConnector.swift in Sources */ = {isa = PBXBuildFile; fileRef = 7D802101272682420088B46D /* ClosureConnector.swift */; };
		7D802104272682E70088B46D /* FakeActionListenerConnector.swift in Sources */ = {isa = PBXBuildFile; fileRef = 7D802103272682E70088B46D /* FakeActionListenerConnector.swift */; };
		7D8021062726834A0088B46D /* FakeActionListenerAndConnector.swift in Sources */ = {isa = PBXBuildFile; fileRef = 7D8021052726834A0088B46D /* FakeActionListenerAndConnector.swift */; };
		7D93C265291E7B27008B1D6D /* SideEffectProtocol.swift in Sources */ = {isa = PBXBuildFile; fileRef = 7D93C264291E7B27008B1D6D /* SideEffectProtocol.swift */; };
		7D93C268291E7BCC008B1D6D /* CombineSideEffect.swift in Sources */ = {isa = PBXBuildFile; fileRef = 7D93C267291E7BCC008B1D6D /* CombineSideEffect.swift */; };
		7D93C26A291E7BE1008B1D6D /* SideEffectTypealiases.swift in Sources */ = {isa = PBXBuildFile; fileRef = 7D93C269291E7BE1008B1D6D /* SideEffectTypealiases.swift */; };
		7D93C26C291E7C37008B1D6D /* SideEffectsBuilder.swift in Sources */ = {isa = PBXBuildFile; fileRef = 7D93C26B291E7C37008B1D6D /* SideEffectsBuilder.swift */; };
		7D93C26E291E86A1008B1D6D /* FakeSideEffect.swift in Sources */ = {isa = PBXBuildFile; fileRef = 7D93C26D291E86A1008B1D6D /* FakeSideEffect.swift */; };
		7DE8FE8C298BB8FB009E212C /* Component+stateToProps.swift in Sources */ = {isa = PBXBuildFile; fileRef = 7DE8FE89298BB8FB009E212C /* Component+stateToProps.swift */; };
		7DE8FE8D298BB8FB009E212C /* Component+Connector.swift in Sources */ = {isa = PBXBuildFile; fileRef = 7DE8FE8A298BB8FB009E212C /* Component+Connector.swift */; };
		7DE8FE8E298BB8FB009E212C /* Component+SelfConnector.swift in Sources */ = {isa = PBXBuildFile; fileRef = 7DE8FE8B298BB8FB009E212C /* Component+SelfConnector.swift */; };
		7DE8FE90298BBAFC009E212C /* Component+ConnectorTests.swift in Sources */ = {isa = PBXBuildFile; fileRef = 7DE8FE8F298BBAFC009E212C /* Component+ConnectorTests.swift */; };
		7DE8FE92298BBCC2009E212C /* Component+SelfConnectorTests.swift in Sources */ = {isa = PBXBuildFile; fileRef = 7DE8FE91298BBCC2009E212C /* Component+SelfConnectorTests.swift */; };
		7DE8FE94298BBCD2009E212C /* Component+stateToPropsTests.swift in Sources */ = {isa = PBXBuildFile; fileRef = 7DE8FE93298BBCD2009E212C /* Component+stateToPropsTests.swift */; };
		7DFFAB47290979D600804542 /* SideEffectTests.swift in Sources */ = {isa = PBXBuildFile; fileRef = 7DFFAB46290979D600804542 /* SideEffectTests.swift */; };
		9E45E1862694A640003B0321 /* Subscription.swift in Sources */ = {isa = PBXBuildFile; fileRef = 9E45E17C2694A640003B0321 /* Subscription.swift */; };
		9E45E1882694A640003B0321 /* ActionDispatcher.swift in Sources */ = {isa = PBXBuildFile; fileRef = 9E45E17E2694A640003B0321 /* ActionDispatcher.swift */; };
		9E45E18A2694A640003B0321 /* Store.swift in Sources */ = {isa = PBXBuildFile; fileRef = 9E45E1802694A640003B0321 /* Store.swift */; };
		9E45E18B2694A640003B0321 /* Utils.swift in Sources */ = {isa = PBXBuildFile; fileRef = 9E45E1812694A640003B0321 /* Utils.swift */; };
		9E45E18C2694A640003B0321 /* Reducer.swift in Sources */ = {isa = PBXBuildFile; fileRef = 9E45E1822694A640003B0321 /* Reducer.swift */; };
		9E45E18D2694A640003B0321 /* Action.swift in Sources */ = {isa = PBXBuildFile; fileRef = 9E45E1832694A640003B0321 /* Action.swift */; };
		9E45E18F2694A640003B0321 /* Disposer.swift in Sources */ = {isa = PBXBuildFile; fileRef = 9E45E1852694A640003B0321 /* Disposer.swift */; };
		9E45E19C2694A647003B0321 /* ActionListenerTests.swift in Sources */ = {isa = PBXBuildFile; fileRef = 9E45E1952694A647003B0321 /* ActionListenerTests.swift */; };
		9E45E19D2694A647003B0321 /* StoreScopeTests.swift in Sources */ = {isa = PBXBuildFile; fileRef = 9E45E1962694A647003B0321 /* StoreScopeTests.swift */; };
		9E45E19F2694A647003B0321 /* StoreBasicTests.swift in Sources */ = {isa = PBXBuildFile; fileRef = 9E45E1982694A647003B0321 /* StoreBasicTests.swift */; };
		9E45E1A02694A647003B0321 /* StoreDoubleScopeTests.swift in Sources */ = {isa = PBXBuildFile; fileRef = 9E45E1992694A647003B0321 /* StoreDoubleScopeTests.swift */; };
		9E45E1B42694A701003B0321 /* Connector.swift in Sources */ = {isa = PBXBuildFile; fileRef = 9E45E1AC2694A701003B0321 /* Connector.swift */; };
		9E45E1B52694A701003B0321 /* Mapper.swift in Sources */ = {isa = PBXBuildFile; fileRef = 9E45E1AD2694A701003B0321 /* Mapper.swift */; };
		9E45E1B62694A701003B0321 /* ActionListener.swift in Sources */ = {isa = PBXBuildFile; fileRef = 9E45E1AF2694A701003B0321 /* ActionListener.swift */; };
		9E45E1B72694A701003B0321 /* Component.swift in Sources */ = {isa = PBXBuildFile; fileRef = 9E45E1B12694A701003B0321 /* Component.swift */; };
		9E45E1B82694A701003B0321 /* ViewComponent.swift in Sources */ = {isa = PBXBuildFile; fileRef = 9E45E1B22694A701003B0321 /* ViewComponent.swift */; };
		9E45E1B92694A701003B0321 /* ServiceComponent.swift in Sources */ = {isa = PBXBuildFile; fileRef = 9E45E1B32694A701003B0321 /* ServiceComponent.swift */; };
		9E45E1C52694A713003B0321 /* FakeComponentConnector.swift in Sources */ = {isa = PBXBuildFile; fileRef = 9E45E1BF2694A713003B0321 /* FakeComponentConnector.swift */; };
		9E45E1C62694A713003B0321 /* TestState.swift in Sources */ = {isa = PBXBuildFile; fileRef = 9E45E1C02694A713003B0321 /* TestState.swift */; };
		9E45E1C72694A713003B0321 /* FakeComponent.swift in Sources */ = {isa = PBXBuildFile; fileRef = 9E45E1C12694A713003B0321 /* FakeComponent.swift */; };
		9E45E1C82694A713003B0321 /* FakeConnector.swift in Sources */ = {isa = PBXBuildFile; fileRef = 9E45E1C22694A713003B0321 /* FakeConnector.swift */; };
		9E45E1C92694A713003B0321 /* FakeActionListener.swift in Sources */ = {isa = PBXBuildFile; fileRef = 9E45E1C32694A713003B0321 /* FakeActionListener.swift */; };
		9E45E1CA2694A713003B0321 /* FakeAction.swift in Sources */ = {isa = PBXBuildFile; fileRef = 9E45E1C42694A713003B0321 /* FakeAction.swift */; };
		9EBAC3F12694A5CC008EDFD5 /* UDF.framework in Frameworks */ = {isa = PBXBuildFile; fileRef = 9EBAC3E72694A5CC008EDFD5 /* UDF.framework */; };
		9EBAC3F82694A5CC008EDFD5 /* UDF.h in Headers */ = {isa = PBXBuildFile; fileRef = 9EBAC3EA2694A5CC008EDFD5 /* UDF.h */; settings = {ATTRIBUTES = (Public, ); }; };
/* End PBXBuildFile section */

/* Begin PBXContainerItemProxy section */
		9EBAC3F22694A5CC008EDFD5 /* PBXContainerItemProxy */ = {
			isa = PBXContainerItemProxy;
			containerPortal = 9EBAC3DE2694A5CC008EDFD5 /* Project object */;
			proxyType = 1;
			remoteGlobalIDString = 9EBAC3E62694A5CC008EDFD5;
			remoteInfo = UDF;
		};
/* End PBXContainerItemProxy section */

/* Begin PBXFileReference section */
		7D1847E62747DE500027823F /* Propsable.swift */ = {isa = PBXFileReference; lastKnownFileType = sourcecode.swift; path = Propsable.swift; sourceTree = "<group>"; };
		7D7894AE29A506F000DD20CE /* ViewStore.swift */ = {isa = PBXFileReference; lastKnownFileType = sourcecode.swift; path = ViewStore.swift; sourceTree = "<group>"; };
		7D8020F927266F6C0088B46D /* ActionListenerConnector.swift */ = {isa = PBXFileReference; lastKnownFileType = sourcecode.swift; path = ActionListenerConnector.swift; sourceTree = "<group>"; };
		7D8020FB27266FDF0088B46D /* ClosureActionListenerConnector.swift */ = {isa = PBXFileReference; lastKnownFileType = sourcecode.swift; path = ClosureActionListenerConnector.swift; sourceTree = "<group>"; };
		7D8020FD2726700E0088B46D /* ServiceActionListener.swift */ = {isa = PBXFileReference; lastKnownFileType = sourcecode.swift; path = ServiceActionListener.swift; sourceTree = "<group>"; };
		7D8020FF272670370088B46D /* ViewActionListener.swift */ = {isa = PBXFileReference; lastKnownFileType = sourcecode.swift; path = ViewActionListener.swift; sourceTree = "<group>"; };
		7D802101272682420088B46D /* ClosureConnector.swift */ = {isa = PBXFileReference; fileEncoding = 4; lastKnownFileType = sourcecode.swift; path = ClosureConnector.swift; sourceTree = "<group>"; };
		7D802103272682E70088B46D /* FakeActionListenerConnector.swift */ = {isa = PBXFileReference; lastKnownFileType = sourcecode.swift; path = FakeActionListenerConnector.swift; sourceTree = "<group>"; };
		7D8021052726834A0088B46D /* FakeActionListenerAndConnector.swift */ = {isa = PBXFileReference; lastKnownFileType = sourcecode.swift; path = FakeActionListenerAndConnector.swift; sourceTree = "<group>"; };
		7D93C264291E7B27008B1D6D /* SideEffectProtocol.swift */ = {isa = PBXFileReference; lastKnownFileType = sourcecode.swift; path = SideEffectProtocol.swift; sourceTree = "<group>"; };
		7D93C267291E7BCC008B1D6D /* CombineSideEffect.swift */ = {isa = PBXFileReference; lastKnownFileType = sourcecode.swift; path = CombineSideEffect.swift; sourceTree = "<group>"; };
		7D93C269291E7BE1008B1D6D /* SideEffectTypealiases.swift */ = {isa = PBXFileReference; lastKnownFileType = sourcecode.swift; path = SideEffectTypealiases.swift; sourceTree = "<group>"; };
		7D93C26B291E7C37008B1D6D /* SideEffectsBuilder.swift */ = {isa = PBXFileReference; lastKnownFileType = sourcecode.swift; path = SideEffectsBuilder.swift; sourceTree = "<group>"; };
		7D93C26D291E86A1008B1D6D /* FakeSideEffect.swift */ = {isa = PBXFileReference; lastKnownFileType = sourcecode.swift; path = FakeSideEffect.swift; sourceTree = "<group>"; };
		7DE8FE89298BB8FB009E212C /* Component+stateToProps.swift */ = {isa = PBXFileReference; fileEncoding = 4; lastKnownFileType = sourcecode.swift; path = "Component+stateToProps.swift"; sourceTree = "<group>"; };
		7DE8FE8A298BB8FB009E212C /* Component+Connector.swift */ = {isa = PBXFileReference; fileEncoding = 4; lastKnownFileType = sourcecode.swift; path = "Component+Connector.swift"; sourceTree = "<group>"; };
		7DE8FE8B298BB8FB009E212C /* Component+SelfConnector.swift */ = {isa = PBXFileReference; fileEncoding = 4; lastKnownFileType = sourcecode.swift; path = "Component+SelfConnector.swift"; sourceTree = "<group>"; };
		7DE8FE8F298BBAFC009E212C /* Component+ConnectorTests.swift */ = {isa = PBXFileReference; lastKnownFileType = sourcecode.swift; path = "Component+ConnectorTests.swift"; sourceTree = "<group>"; };
		7DE8FE91298BBCC2009E212C /* Component+SelfConnectorTests.swift */ = {isa = PBXFileReference; lastKnownFileType = sourcecode.swift; path = "Component+SelfConnectorTests.swift"; sourceTree = "<group>"; };
		7DE8FE93298BBCD2009E212C /* Component+stateToPropsTests.swift */ = {isa = PBXFileReference; lastKnownFileType = sourcecode.swift; path = "Component+stateToPropsTests.swift"; sourceTree = "<group>"; };
		7DFFAB46290979D600804542 /* SideEffectTests.swift */ = {isa = PBXFileReference; lastKnownFileType = sourcecode.swift; path = SideEffectTests.swift; sourceTree = "<group>"; };
		9E45E17C2694A640003B0321 /* Subscription.swift */ = {isa = PBXFileReference; fileEncoding = 4; lastKnownFileType = sourcecode.swift; path = Subscription.swift; sourceTree = "<group>"; };
		9E45E17E2694A640003B0321 /* ActionDispatcher.swift */ = {isa = PBXFileReference; fileEncoding = 4; lastKnownFileType = sourcecode.swift; path = ActionDispatcher.swift; sourceTree = "<group>"; };
		9E45E1802694A640003B0321 /* Store.swift */ = {isa = PBXFileReference; fileEncoding = 4; lastKnownFileType = sourcecode.swift; path = Store.swift; sourceTree = "<group>"; };
		9E45E1812694A640003B0321 /* Utils.swift */ = {isa = PBXFileReference; fileEncoding = 4; lastKnownFileType = sourcecode.swift; path = Utils.swift; sourceTree = "<group>"; };
		9E45E1822694A640003B0321 /* Reducer.swift */ = {isa = PBXFileReference; fileEncoding = 4; lastKnownFileType = sourcecode.swift; path = Reducer.swift; sourceTree = "<group>"; };
		9E45E1832694A640003B0321 /* Action.swift */ = {isa = PBXFileReference; fileEncoding = 4; lastKnownFileType = sourcecode.swift; path = Action.swift; sourceTree = "<group>"; };
		9E45E1852694A640003B0321 /* Disposer.swift */ = {isa = PBXFileReference; fileEncoding = 4; lastKnownFileType = sourcecode.swift; path = Disposer.swift; sourceTree = "<group>"; };
		9E45E1952694A647003B0321 /* ActionListenerTests.swift */ = {isa = PBXFileReference; fileEncoding = 4; lastKnownFileType = sourcecode.swift; path = ActionListenerTests.swift; sourceTree = "<group>"; };
		9E45E1962694A647003B0321 /* StoreScopeTests.swift */ = {isa = PBXFileReference; fileEncoding = 4; lastKnownFileType = sourcecode.swift; path = StoreScopeTests.swift; sourceTree = "<group>"; };
		9E45E1982694A647003B0321 /* StoreBasicTests.swift */ = {isa = PBXFileReference; fileEncoding = 4; lastKnownFileType = sourcecode.swift; path = StoreBasicTests.swift; sourceTree = "<group>"; };
		9E45E1992694A647003B0321 /* StoreDoubleScopeTests.swift */ = {isa = PBXFileReference; fileEncoding = 4; lastKnownFileType = sourcecode.swift; path = StoreDoubleScopeTests.swift; sourceTree = "<group>"; };
		9E45E1AC2694A701003B0321 /* Connector.swift */ = {isa = PBXFileReference; fileEncoding = 4; lastKnownFileType = sourcecode.swift; path = Connector.swift; sourceTree = "<group>"; };
		9E45E1AD2694A701003B0321 /* Mapper.swift */ = {isa = PBXFileReference; fileEncoding = 4; lastKnownFileType = sourcecode.swift; path = Mapper.swift; sourceTree = "<group>"; };
		9E45E1AF2694A701003B0321 /* ActionListener.swift */ = {isa = PBXFileReference; fileEncoding = 4; lastKnownFileType = sourcecode.swift; path = ActionListener.swift; sourceTree = "<group>"; };
		9E45E1B12694A701003B0321 /* Component.swift */ = {isa = PBXFileReference; fileEncoding = 4; lastKnownFileType = sourcecode.swift; path = Component.swift; sourceTree = "<group>"; };
		9E45E1B22694A701003B0321 /* ViewComponent.swift */ = {isa = PBXFileReference; fileEncoding = 4; lastKnownFileType = sourcecode.swift; path = ViewComponent.swift; sourceTree = "<group>"; };
		9E45E1B32694A701003B0321 /* ServiceComponent.swift */ = {isa = PBXFileReference; fileEncoding = 4; lastKnownFileType = sourcecode.swift; path = ServiceComponent.swift; sourceTree = "<group>"; };
		9E45E1BF2694A713003B0321 /* FakeComponentConnector.swift */ = {isa = PBXFileReference; fileEncoding = 4; lastKnownFileType = sourcecode.swift; path = FakeComponentConnector.swift; sourceTree = "<group>"; };
		9E45E1C02694A713003B0321 /* TestState.swift */ = {isa = PBXFileReference; fileEncoding = 4; lastKnownFileType = sourcecode.swift; path = TestState.swift; sourceTree = "<group>"; };
		9E45E1C12694A713003B0321 /* FakeComponent.swift */ = {isa = PBXFileReference; fileEncoding = 4; lastKnownFileType = sourcecode.swift; path = FakeComponent.swift; sourceTree = "<group>"; };
		9E45E1C22694A713003B0321 /* FakeConnector.swift */ = {isa = PBXFileReference; fileEncoding = 4; lastKnownFileType = sourcecode.swift; path = FakeConnector.swift; sourceTree = "<group>"; };
		9E45E1C32694A713003B0321 /* FakeActionListener.swift */ = {isa = PBXFileReference; fileEncoding = 4; lastKnownFileType = sourcecode.swift; path = FakeActionListener.swift; sourceTree = "<group>"; };
		9E45E1C42694A713003B0321 /* FakeAction.swift */ = {isa = PBXFileReference; fileEncoding = 4; lastKnownFileType = sourcecode.swift; path = FakeAction.swift; sourceTree = "<group>"; };
		9EBAC3E72694A5CC008EDFD5 /* UDF.framework */ = {isa = PBXFileReference; explicitFileType = wrapper.framework; includeInIndex = 0; path = UDF.framework; sourceTree = BUILT_PRODUCTS_DIR; };
		9EBAC3EA2694A5CC008EDFD5 /* UDF.h */ = {isa = PBXFileReference; lastKnownFileType = sourcecode.c.h; path = UDF.h; sourceTree = "<group>"; };
		9EBAC3EB2694A5CC008EDFD5 /* Info.plist */ = {isa = PBXFileReference; lastKnownFileType = text.plist.xml; path = Info.plist; sourceTree = "<group>"; };
		9EBAC3F02694A5CC008EDFD5 /* UDFTests.xctest */ = {isa = PBXFileReference; explicitFileType = wrapper.cfbundle; includeInIndex = 0; path = UDFTests.xctest; sourceTree = BUILT_PRODUCTS_DIR; };
		9EBAC3F72694A5CC008EDFD5 /* Info.plist */ = {isa = PBXFileReference; lastKnownFileType = text.plist.xml; path = Info.plist; sourceTree = "<group>"; };
/* End PBXFileReference section */

/* Begin PBXFrameworksBuildPhase section */
		9EBAC3E42694A5CC008EDFD5 /* Frameworks */ = {
			isa = PBXFrameworksBuildPhase;
			buildActionMask = 2147483647;
			files = (
			);
			runOnlyForDeploymentPostprocessing = 0;
		};
		9EBAC3ED2694A5CC008EDFD5 /* Frameworks */ = {
			isa = PBXFrameworksBuildPhase;
			buildActionMask = 2147483647;
			files = (
				9EBAC3F12694A5CC008EDFD5 /* UDF.framework in Frameworks */,
			);
			runOnlyForDeploymentPostprocessing = 0;
		};
/* End PBXFrameworksBuildPhase section */

/* Begin PBXGroup section */
		7D8020F827266F2C0088B46D /* Connector */ = {
			isa = PBXGroup;
			children = (
				7D8020F927266F6C0088B46D /* ActionListenerConnector.swift */,
				7D8020FB27266FDF0088B46D /* ClosureActionListenerConnector.swift */,
			);
			path = Connector;
			sourceTree = "<group>";
		};
		7D93C266291E7BB2008B1D6D /* SideEffect */ = {
			isa = PBXGroup;
			children = (
				7D93C264291E7B27008B1D6D /* SideEffectProtocol.swift */,
				7D93C267291E7BCC008B1D6D /* CombineSideEffect.swift */,
				7D93C269291E7BE1008B1D6D /* SideEffectTypealiases.swift */,
				7D93C26B291E7C37008B1D6D /* SideEffectsBuilder.swift */,
			);
			path = SideEffect;
			sourceTree = "<group>";
		};
		9E45E1AB2694A701003B0321 /* Connector */ = {
			isa = PBXGroup;
			children = (
				7D802101272682420088B46D /* ClosureConnector.swift */,
				9E45E1AC2694A701003B0321 /* Connector.swift */,
				9E45E1AD2694A701003B0321 /* Mapper.swift */,
			);
			path = Connector;
			sourceTree = "<group>";
		};
		9E45E1AE2694A701003B0321 /* ActionListener */ = {
			isa = PBXGroup;
			children = (
				7D8020F827266F2C0088B46D /* Connector */,
				9E45E1AF2694A701003B0321 /* ActionListener.swift */,
				7D8020FD2726700E0088B46D /* ServiceActionListener.swift */,
				7D8020FF272670370088B46D /* ViewActionListener.swift */,
			);
			path = ActionListener;
			sourceTree = "<group>";
		};
		9E45E1B02694A701003B0321 /* Component */ = {
			isa = PBXGroup;
			children = (
				9E45E1B12694A701003B0321 /* Component.swift */,
				7DE8FE8A298BB8FB009E212C /* Component+Connector.swift */,
				7DE8FE8B298BB8FB009E212C /* Component+SelfConnector.swift */,
				7DE8FE89298BB8FB009E212C /* Component+stateToProps.swift */,
				9E45E1B22694A701003B0321 /* ViewComponent.swift */,
				9E45E1B32694A701003B0321 /* ServiceComponent.swift */,
				7D1847E62747DE500027823F /* Propsable.swift */,
			);
			path = Component;
			sourceTree = "<group>";
		};
		9E45E1BE2694A713003B0321 /* TestDoubles */ = {
			isa = PBXGroup;
			children = (
				9E45E1BF2694A713003B0321 /* FakeComponentConnector.swift */,
				9E45E1C02694A713003B0321 /* TestState.swift */,
				9E45E1C12694A713003B0321 /* FakeComponent.swift */,
				9E45E1C22694A713003B0321 /* FakeConnector.swift */,
				9E45E1C32694A713003B0321 /* FakeActionListener.swift */,
				9E45E1C42694A713003B0321 /* FakeAction.swift */,
				7D802103272682E70088B46D /* FakeActionListenerConnector.swift */,
				7D8021052726834A0088B46D /* FakeActionListenerAndConnector.swift */,
				7D93C26D291E86A1008B1D6D /* FakeSideEffect.swift */,
			);
			path = TestDoubles;
			sourceTree = "<group>";
		};
		9EBAC3DD2694A5CC008EDFD5 = {
			isa = PBXGroup;
			children = (
				9EBAC3E92694A5CC008EDFD5 /* UDF */,
				9EBAC3F42694A5CC008EDFD5 /* UDFTests */,
				9EBAC3E82694A5CC008EDFD5 /* Products */,
			);
			sourceTree = "<group>";
		};
		9EBAC3E82694A5CC008EDFD5 /* Products */ = {
			isa = PBXGroup;
			children = (
				9EBAC3E72694A5CC008EDFD5 /* UDF.framework */,
				9EBAC3F02694A5CC008EDFD5 /* UDFTests.xctest */,
			);
			name = Products;
			sourceTree = "<group>";
		};
		9EBAC3E92694A5CC008EDFD5 /* UDF */ = {
			isa = PBXGroup;
			children = (
				7D93C266291E7BB2008B1D6D /* SideEffect */,
				9E45E1AE2694A701003B0321 /* ActionListener */,
				9E45E1B02694A701003B0321 /* Component */,
				9E45E1AB2694A701003B0321 /* Connector */,
				9E45E1832694A640003B0321 /* Action.swift */,
				9E45E17E2694A640003B0321 /* ActionDispatcher.swift */,
				9E45E1852694A640003B0321 /* Disposer.swift */,
				9E45E1822694A640003B0321 /* Reducer.swift */,
				9E45E1802694A640003B0321 /* Store.swift */,
				7D7894AE29A506F000DD20CE /* ViewStore.swift */,
				9E45E17C2694A640003B0321 /* Subscription.swift */,
				9E45E1812694A640003B0321 /* Utils.swift */,
				9EBAC3EA2694A5CC008EDFD5 /* UDF.h */,
				9EBAC3EB2694A5CC008EDFD5 /* Info.plist */,
			);
			path = UDF;
			sourceTree = "<group>";
		};
		9EBAC3F42694A5CC008EDFD5 /* UDFTests */ = {
			isa = PBXGroup;
			children = (
				9E45E1BE2694A713003B0321 /* TestDoubles */,
				9E45E1952694A647003B0321 /* ActionListenerTests.swift */,
				7DE8FE8F298BBAFC009E212C /* Component+ConnectorTests.swift */,
				7DE8FE91298BBCC2009E212C /* Component+SelfConnectorTests.swift */,
				7DE8FE93298BBCD2009E212C /* Component+stateToPropsTests.swift */,
				9E45E1982694A647003B0321 /* StoreBasicTests.swift */,
				9E45E1992694A647003B0321 /* StoreDoubleScopeTests.swift */,
				9E45E1962694A647003B0321 /* StoreScopeTests.swift */,
				7DFFAB46290979D600804542 /* SideEffectTests.swift */,
				9EBAC3F72694A5CC008EDFD5 /* Info.plist */,
			);
			path = UDFTests;
			sourceTree = "<group>";
		};
/* End PBXGroup section */

/* Begin PBXHeadersBuildPhase section */
		9EBAC3E22694A5CC008EDFD5 /* Headers */ = {
			isa = PBXHeadersBuildPhase;
			buildActionMask = 2147483647;
			files = (
				9EBAC3F82694A5CC008EDFD5 /* UDF.h in Headers */,
			);
			runOnlyForDeploymentPostprocessing = 0;
		};
/* End PBXHeadersBuildPhase section */

/* Begin PBXNativeTarget section */
		9EBAC3E62694A5CC008EDFD5 /* UDF */ = {
			isa = PBXNativeTarget;
			buildConfigurationList = 9EBAC3FB2694A5CC008EDFD5 /* Build configuration list for PBXNativeTarget "UDF" */;
			buildPhases = (
				9EBAC3E22694A5CC008EDFD5 /* Headers */,
				9EBAC3E32694A5CC008EDFD5 /* Sources */,
				9EBAC3E42694A5CC008EDFD5 /* Frameworks */,
				9EBAC3E52694A5CC008EDFD5 /* Resources */,
			);
			buildRules = (
			);
			dependencies = (
			);
			name = UDF;
			productName = UDF;
			productReference = 9EBAC3E72694A5CC008EDFD5 /* UDF.framework */;
			productType = "com.apple.product-type.framework";
		};
		9EBAC3EF2694A5CC008EDFD5 /* UDFTests */ = {
			isa = PBXNativeTarget;
			buildConfigurationList = 9EBAC3FE2694A5CC008EDFD5 /* Build configuration list for PBXNativeTarget "UDFTests" */;
			buildPhases = (
				9EBAC3EC2694A5CC008EDFD5 /* Sources */,
				9EBAC3ED2694A5CC008EDFD5 /* Frameworks */,
				9EBAC3EE2694A5CC008EDFD5 /* Resources */,
			);
			buildRules = (
			);
			dependencies = (
				9EBAC3F32694A5CC008EDFD5 /* PBXTargetDependency */,
			);
			name = UDFTests;
			productName = UDFTests;
			productReference = 9EBAC3F02694A5CC008EDFD5 /* UDFTests.xctest */;
			productType = "com.apple.product-type.bundle.unit-test";
		};
/* End PBXNativeTarget section */

/* Begin PBXProject section */
		9EBAC3DE2694A5CC008EDFD5 /* Project object */ = {
			isa = PBXProject;
			attributes = {
				LastSwiftUpdateCheck = 1220;
				LastUpgradeCheck = 1220;
				TargetAttributes = {
					9EBAC3E62694A5CC008EDFD5 = {
						CreatedOnToolsVersion = 12.2;
						LastSwiftMigration = 1220;
					};
					9EBAC3EF2694A5CC008EDFD5 = {
						CreatedOnToolsVersion = 12.2;
					};
				};
			};
			buildConfigurationList = 9EBAC3E12694A5CC008EDFD5 /* Build configuration list for PBXProject "UDF" */;
			compatibilityVersion = "Xcode 9.3";
			developmentRegion = en;
			hasScannedForEncodings = 0;
			knownRegions = (
				en,
				Base,
			);
			mainGroup = 9EBAC3DD2694A5CC008EDFD5;
			productRefGroup = 9EBAC3E82694A5CC008EDFD5 /* Products */;
			projectDirPath = "";
			projectRoot = "";
			targets = (
				9EBAC3E62694A5CC008EDFD5 /* UDF */,
				9EBAC3EF2694A5CC008EDFD5 /* UDFTests */,
			);
		};
/* End PBXProject section */

/* Begin PBXResourcesBuildPhase section */
		9EBAC3E52694A5CC008EDFD5 /* Resources */ = {
			isa = PBXResourcesBuildPhase;
			buildActionMask = 2147483647;
			files = (
			);
			runOnlyForDeploymentPostprocessing = 0;
		};
		9EBAC3EE2694A5CC008EDFD5 /* Resources */ = {
			isa = PBXResourcesBuildPhase;
			buildActionMask = 2147483647;
			files = (
			);
			runOnlyForDeploymentPostprocessing = 0;
		};
/* End PBXResourcesBuildPhase section */

/* Begin PBXSourcesBuildPhase section */
		9EBAC3E32694A5CC008EDFD5 /* Sources */ = {
			isa = PBXSourcesBuildPhase;
			buildActionMask = 2147483647;
			files = (
				7D93C26A291E7BE1008B1D6D /* SideEffectTypealiases.swift in Sources */,
				9E45E18A2694A640003B0321 /* Store.swift in Sources */,
				7D802102272682420088B46D /* ClosureConnector.swift in Sources */,
				7DE8FE8E298BB8FB009E212C /* Component+SelfConnector.swift in Sources */,
				7D93C268291E7BCC008B1D6D /* CombineSideEffect.swift in Sources */,
				9E45E1B62694A701003B0321 /* ActionListener.swift in Sources */,
				9E45E18D2694A640003B0321 /* Action.swift in Sources */,
				9E45E1882694A640003B0321 /* ActionDispatcher.swift in Sources */,
				9E45E1B72694A701003B0321 /* Component.swift in Sources */,
				9E45E1862694A640003B0321 /* Subscription.swift in Sources */,
				9E45E1B52694A701003B0321 /* Mapper.swift in Sources */,
				7D7894AF29A506F000DD20CE /* ViewStore.swift in Sources */,
				9E45E18F2694A640003B0321 /* Disposer.swift in Sources */,
				7D93C265291E7B27008B1D6D /* SideEffectProtocol.swift in Sources */,
				9E45E1B82694A701003B0321 /* ViewComponent.swift in Sources */,
				7DE8FE8C298BB8FB009E212C /* Component+stateToProps.swift in Sources */,
				9E45E1B42694A701003B0321 /* Connector.swift in Sources */,
				9E45E18C2694A640003B0321 /* Reducer.swift in Sources */,
				7D8020FE2726700E0088B46D /* ServiceActionListener.swift in Sources */,
				7D8020FC27266FDF0088B46D /* ClosureActionListenerConnector.swift in Sources */,
				7D93C26C291E7C37008B1D6D /* SideEffectsBuilder.swift in Sources */,
				7D1847E72747DE510027823F /* Propsable.swift in Sources */,
				9E45E18B2694A640003B0321 /* Utils.swift in Sources */,
				9E45E1B92694A701003B0321 /* ServiceComponent.swift in Sources */,
				7D802100272670370088B46D /* ViewActionListener.swift in Sources */,
				7D8020FA27266F6C0088B46D /* ActionListenerConnector.swift in Sources */,
				7DE8FE8D298BB8FB009E212C /* Component+Connector.swift in Sources */,
			);
			runOnlyForDeploymentPostprocessing = 0;
		};
		9EBAC3EC2694A5CC008EDFD5 /* Sources */ = {
			isa = PBXSourcesBuildPhase;
			buildActionMask = 2147483647;
			files = (
				9E45E1C72694A713003B0321 /* FakeComponent.swift in Sources */,
				9E45E1A02694A647003B0321 /* StoreDoubleScopeTests.swift in Sources */,
				7D802104272682E70088B46D /* FakeActionListenerConnector.swift in Sources */,
				7DE8FE94298BBCD2009E212C /* Component+stateToPropsTests.swift in Sources */,
				9E45E19D2694A647003B0321 /* StoreScopeTests.swift in Sources */,
				7DE8FE90298BBAFC009E212C /* Component+ConnectorTests.swift in Sources */,
				9E45E1C52694A713003B0321 /* FakeComponentConnector.swift in Sources */,
				9E45E1C92694A713003B0321 /* FakeActionListener.swift in Sources */,
				9E45E1C82694A713003B0321 /* FakeConnector.swift in Sources */,
				7D93C26E291E86A1008B1D6D /* FakeSideEffect.swift in Sources */,
				9E45E19C2694A647003B0321 /* ActionListenerTests.swift in Sources */,
				9E45E1C62694A713003B0321 /* TestState.swift in Sources */,
				9E45E19F2694A647003B0321 /* StoreBasicTests.swift in Sources */,
				7D8021062726834A0088B46D /* FakeActionListenerAndConnector.swift in Sources */,
				7DE8FE92298BBCC2009E212C /* Component+SelfConnectorTests.swift in Sources */,
				9E45E1CA2694A713003B0321 /* FakeAction.swift in Sources */,
				7DFFAB47290979D600804542 /* SideEffectTests.swift in Sources */,
			);
			runOnlyForDeploymentPostprocessing = 0;
		};
/* End PBXSourcesBuildPhase section */

/* Begin PBXTargetDependency section */
		9EBAC3F32694A5CC008EDFD5 /* PBXTargetDependency */ = {
			isa = PBXTargetDependency;
			target = 9EBAC3E62694A5CC008EDFD5 /* UDF */;
			targetProxy = 9EBAC3F22694A5CC008EDFD5 /* PBXContainerItemProxy */;
		};
/* End PBXTargetDependency section */

/* Begin XCBuildConfiguration section */
		9EBAC3F92694A5CC008EDFD5 /* Debug */ = {
			isa = XCBuildConfiguration;
			buildSettings = {
				ALWAYS_SEARCH_USER_PATHS = NO;
				CLANG_ANALYZER_NONNULL = YES;
				CLANG_ANALYZER_NUMBER_OBJECT_CONVERSION = YES_AGGRESSIVE;
				CLANG_CXX_LANGUAGE_STANDARD = "gnu++14";
				CLANG_CXX_LIBRARY = "libc++";
				CLANG_ENABLE_MODULES = YES;
				CLANG_ENABLE_OBJC_ARC = YES;
				CLANG_ENABLE_OBJC_WEAK = YES;
				CLANG_WARN_BLOCK_CAPTURE_AUTORELEASING = YES;
				CLANG_WARN_BOOL_CONVERSION = YES;
				CLANG_WARN_COMMA = YES;
				CLANG_WARN_CONSTANT_CONVERSION = YES;
				CLANG_WARN_DEPRECATED_OBJC_IMPLEMENTATIONS = YES;
				CLANG_WARN_DIRECT_OBJC_ISA_USAGE = YES_ERROR;
				CLANG_WARN_DOCUMENTATION_COMMENTS = YES;
				CLANG_WARN_EMPTY_BODY = YES;
				CLANG_WARN_ENUM_CONVERSION = YES;
				CLANG_WARN_INFINITE_RECURSION = YES;
				CLANG_WARN_INT_CONVERSION = YES;
				CLANG_WARN_NON_LITERAL_NULL_CONVERSION = YES;
				CLANG_WARN_OBJC_IMPLICIT_RETAIN_SELF = YES;
				CLANG_WARN_OBJC_LITERAL_CONVERSION = YES;
				CLANG_WARN_OBJC_ROOT_CLASS = YES_ERROR;
				CLANG_WARN_QUOTED_INCLUDE_IN_FRAMEWORK_HEADER = YES;
				CLANG_WARN_RANGE_LOOP_ANALYSIS = YES;
				CLANG_WARN_STRICT_PROTOTYPES = YES;
				CLANG_WARN_SUSPICIOUS_MOVE = YES;
				CLANG_WARN_UNGUARDED_AVAILABILITY = YES_AGGRESSIVE;
				CLANG_WARN_UNREACHABLE_CODE = YES;
				CLANG_WARN__DUPLICATE_METHOD_MATCH = YES;
				COPY_PHASE_STRIP = NO;
				CURRENT_PROJECT_VERSION = 1;
				DEBUG_INFORMATION_FORMAT = dwarf;
				ENABLE_STRICT_OBJC_MSGSEND = YES;
				ENABLE_TESTABILITY = YES;
				GCC_C_LANGUAGE_STANDARD = gnu11;
				GCC_DYNAMIC_NO_PIC = NO;
				GCC_NO_COMMON_BLOCKS = YES;
				GCC_OPTIMIZATION_LEVEL = 0;
				GCC_PREPROCESSOR_DEFINITIONS = (
					"DEBUG=1",
					"$(inherited)",
				);
				GCC_WARN_64_TO_32_BIT_CONVERSION = YES;
				GCC_WARN_ABOUT_RETURN_TYPE = YES_ERROR;
				GCC_WARN_UNDECLARED_SELECTOR = YES;
				GCC_WARN_UNINITIALIZED_AUTOS = YES_AGGRESSIVE;
				GCC_WARN_UNUSED_FUNCTION = YES;
				GCC_WARN_UNUSED_VARIABLE = YES;
				IPHONEOS_DEPLOYMENT_TARGET = 14.2;
				MTL_ENABLE_DEBUG_INFO = INCLUDE_SOURCE;
				MTL_FAST_MATH = YES;
				ONLY_ACTIVE_ARCH = YES;
				SDKROOT = iphoneos;
				SWIFT_ACTIVE_COMPILATION_CONDITIONS = DEBUG;
				SWIFT_OPTIMIZATION_LEVEL = "-Onone";
				VERSIONING_SYSTEM = "apple-generic";
				VERSION_INFO_PREFIX = "";
			};
			name = Debug;
		};
		9EBAC3FA2694A5CC008EDFD5 /* Release */ = {
			isa = XCBuildConfiguration;
			buildSettings = {
				ALWAYS_SEARCH_USER_PATHS = NO;
				CLANG_ANALYZER_NONNULL = YES;
				CLANG_ANALYZER_NUMBER_OBJECT_CONVERSION = YES_AGGRESSIVE;
				CLANG_CXX_LANGUAGE_STANDARD = "gnu++14";
				CLANG_CXX_LIBRARY = "libc++";
				CLANG_ENABLE_MODULES = YES;
				CLANG_ENABLE_OBJC_ARC = YES;
				CLANG_ENABLE_OBJC_WEAK = YES;
				CLANG_WARN_BLOCK_CAPTURE_AUTORELEASING = YES;
				CLANG_WARN_BOOL_CONVERSION = YES;
				CLANG_WARN_COMMA = YES;
				CLANG_WARN_CONSTANT_CONVERSION = YES;
				CLANG_WARN_DEPRECATED_OBJC_IMPLEMENTATIONS = YES;
				CLANG_WARN_DIRECT_OBJC_ISA_USAGE = YES_ERROR;
				CLANG_WARN_DOCUMENTATION_COMMENTS = YES;
				CLANG_WARN_EMPTY_BODY = YES;
				CLANG_WARN_ENUM_CONVERSION = YES;
				CLANG_WARN_INFINITE_RECURSION = YES;
				CLANG_WARN_INT_CONVERSION = YES;
				CLANG_WARN_NON_LITERAL_NULL_CONVERSION = YES;
				CLANG_WARN_OBJC_IMPLICIT_RETAIN_SELF = YES;
				CLANG_WARN_OBJC_LITERAL_CONVERSION = YES;
				CLANG_WARN_OBJC_ROOT_CLASS = YES_ERROR;
				CLANG_WARN_QUOTED_INCLUDE_IN_FRAMEWORK_HEADER = YES;
				CLANG_WARN_RANGE_LOOP_ANALYSIS = YES;
				CLANG_WARN_STRICT_PROTOTYPES = YES;
				CLANG_WARN_SUSPICIOUS_MOVE = YES;
				CLANG_WARN_UNGUARDED_AVAILABILITY = YES_AGGRESSIVE;
				CLANG_WARN_UNREACHABLE_CODE = YES;
				CLANG_WARN__DUPLICATE_METHOD_MATCH = YES;
				COPY_PHASE_STRIP = NO;
				CURRENT_PROJECT_VERSION = 1;
				DEBUG_INFORMATION_FORMAT = "dwarf-with-dsym";
				ENABLE_NS_ASSERTIONS = NO;
				ENABLE_STRICT_OBJC_MSGSEND = YES;
				GCC_C_LANGUAGE_STANDARD = gnu11;
				GCC_NO_COMMON_BLOCKS = YES;
				GCC_WARN_64_TO_32_BIT_CONVERSION = YES;
				GCC_WARN_ABOUT_RETURN_TYPE = YES_ERROR;
				GCC_WARN_UNDECLARED_SELECTOR = YES;
				GCC_WARN_UNINITIALIZED_AUTOS = YES_AGGRESSIVE;
				GCC_WARN_UNUSED_FUNCTION = YES;
				GCC_WARN_UNUSED_VARIABLE = YES;
				IPHONEOS_DEPLOYMENT_TARGET = 14.2;
				MTL_ENABLE_DEBUG_INFO = NO;
				MTL_FAST_MATH = YES;
				SDKROOT = iphoneos;
				SWIFT_COMPILATION_MODE = wholemodule;
				SWIFT_OPTIMIZATION_LEVEL = "-O";
				VALIDATE_PRODUCT = YES;
				VERSIONING_SYSTEM = "apple-generic";
				VERSION_INFO_PREFIX = "";
			};
			name = Release;
		};
		9EBAC3FC2694A5CC008EDFD5 /* Debug */ = {
			isa = XCBuildConfiguration;
			buildSettings = {
				CLANG_ENABLE_MODULES = YES;
				CODE_SIGN_STYLE = Automatic;
				DEFINES_MODULE = YES;
				DYLIB_COMPATIBILITY_VERSION = 1;
				DYLIB_CURRENT_VERSION = 1;
				DYLIB_INSTALL_NAME_BASE = "@rpath";
				INFOPLIST_FILE = UDF/Info.plist;
				INSTALL_PATH = "$(LOCAL_LIBRARY_DIR)/Frameworks";
				LD_RUNPATH_SEARCH_PATHS = (
					"$(inherited)",
					"@executable_path/Frameworks",
					"@loader_path/Frameworks",
				);
				PRODUCT_BUNDLE_IDENTIFIER = com.inDriver.UDF;
				PRODUCT_NAME = "$(TARGET_NAME:c99extidentifier)";
				SKIP_INSTALL = YES;
				SWIFT_OPTIMIZATION_LEVEL = "-Onone";
				SWIFT_VERSION = 5.0;
				TARGETED_DEVICE_FAMILY = "1,2";
			};
			name = Debug;
		};
		9EBAC3FD2694A5CC008EDFD5 /* Release */ = {
			isa = XCBuildConfiguration;
			buildSettings = {
				CLANG_ENABLE_MODULES = YES;
				CODE_SIGN_STYLE = Automatic;
				DEFINES_MODULE = YES;
				DYLIB_COMPATIBILITY_VERSION = 1;
				DYLIB_CURRENT_VERSION = 1;
				DYLIB_INSTALL_NAME_BASE = "@rpath";
				INFOPLIST_FILE = UDF/Info.plist;
				INSTALL_PATH = "$(LOCAL_LIBRARY_DIR)/Frameworks";
				LD_RUNPATH_SEARCH_PATHS = (
					"$(inherited)",
					"@executable_path/Frameworks",
					"@loader_path/Frameworks",
				);
				PRODUCT_BUNDLE_IDENTIFIER = com.inDriver.UDF;
				PRODUCT_NAME = "$(TARGET_NAME:c99extidentifier)";
				SKIP_INSTALL = YES;
				SWIFT_VERSION = 5.0;
				TARGETED_DEVICE_FAMILY = "1,2";
			};
			name = Release;
		};
		9EBAC3FF2694A5CC008EDFD5 /* Debug */ = {
			isa = XCBuildConfiguration;
			buildSettings = {
				ALWAYS_EMBED_SWIFT_STANDARD_LIBRARIES = YES;
				CODE_SIGN_STYLE = Automatic;
				INFOPLIST_FILE = UDFTests/Info.plist;
				LD_RUNPATH_SEARCH_PATHS = (
					"$(inherited)",
					"@executable_path/Frameworks",
					"@loader_path/Frameworks",
				);
				PRODUCT_BUNDLE_IDENTIFIER = com.inDriver.UDFTests;
				PRODUCT_NAME = "$(TARGET_NAME)";
				SWIFT_VERSION = 5.0;
				TARGETED_DEVICE_FAMILY = "1,2";
			};
			name = Debug;
		};
		9EBAC4002694A5CC008EDFD5 /* Release */ = {
			isa = XCBuildConfiguration;
			buildSettings = {
				ALWAYS_EMBED_SWIFT_STANDARD_LIBRARIES = YES;
				CODE_SIGN_STYLE = Automatic;
				INFOPLIST_FILE = UDFTests/Info.plist;
				LD_RUNPATH_SEARCH_PATHS = (
					"$(inherited)",
					"@executable_path/Frameworks",
					"@loader_path/Frameworks",
				);
				PRODUCT_BUNDLE_IDENTIFIER = com.inDriver.UDFTests;
				PRODUCT_NAME = "$(TARGET_NAME)";
				SWIFT_VERSION = 5.0;
				TARGETED_DEVICE_FAMILY = "1,2";
			};
			name = Release;
		};
/* End XCBuildConfiguration section */

/* Begin XCConfigurationList section */
		9EBAC3E12694A5CC008EDFD5 /* Build configuration list for PBXProject "UDF" */ = {
			isa = XCConfigurationList;
			buildConfigurations = (
				9EBAC3F92694A5CC008EDFD5 /* Debug */,
				9EBAC3FA2694A5CC008EDFD5 /* Release */,
			);
			defaultConfigurationIsVisible = 0;
			defaultConfigurationName = Release;
		};
		9EBAC3FB2694A5CC008EDFD5 /* Build configuration list for PBXNativeTarget "UDF" */ = {
			isa = XCConfigurationList;
			buildConfigurations = (
				9EBAC3FC2694A5CC008EDFD5 /* Debug */,
				9EBAC3FD2694A5CC008EDFD5 /* Release */,
			);
			defaultConfigurationIsVisible = 0;
			defaultConfigurationName = Release;
		};
		9EBAC3FE2694A5CC008EDFD5 /* Build configuration list for PBXNativeTarget "UDFTests" */ = {
			isa = XCConfigurationList;
			buildConfigurations = (
				9EBAC3FF2694A5CC008EDFD5 /* Debug */,
				9EBAC4002694A5CC008EDFD5 /* Release */,
			);
			defaultConfigurationIsVisible = 0;
			defaultConfigurationName = Release;
		};
/* End XCConfigurationList section */
	};
	rootObject = 9EBAC3DE2694A5CC008EDFD5 /* Project object */;
}
